// !$*UTF8*$!
{
	archiveVersion = 1;
	classes = {
	};
	objectVersion = 55;
	objects = {

/* Begin PBXBuildFile section */
		FD08090D2756914100B845F2 /* RedViewOne.swift in Sources */ = {isa = PBXBuildFile; fileRef = FD08090C2756914100B845F2 /* RedViewOne.swift */; };
		FD0809112756915C00B845F2 /* BlueViewTwo.swift in Sources */ = {isa = PBXBuildFile; fileRef = FD0809102756915C00B845F2 /* BlueViewTwo.swift */; };
		FD0809132756916400B845F2 /* GreenViewThree.swift in Sources */ = {isa = PBXBuildFile; fileRef = FD0809122756916400B845F2 /* GreenViewThree.swift */; };
		FD080916275691B300B845F2 /* LoginView.swift in Sources */ = {isa = PBXBuildFile; fileRef = FD080915275691B300B845F2 /* LoginView.swift */; };
		FD080919275691F900B845F2 /* FormView.swift in Sources */ = {isa = PBXBuildFile; fileRef = FD080918275691F900B845F2 /* FormView.swift */; };
		FD08091C2756967100B845F2 /* TodosListView.swift in Sources */ = {isa = PBXBuildFile; fileRef = FD08091B2756967100B845F2 /* TodosListView.swift */; };
		FD08091E2756967900B845F2 /* TodosListCell.swift in Sources */ = {isa = PBXBuildFile; fileRef = FD08091D2756967900B845F2 /* TodosListCell.swift */; };
		FD08092927569DDC00B845F2 /* Comment.swift in Sources */ = {isa = PBXBuildFile; fileRef = FD08092527569DDB00B845F2 /* Comment.swift */; };
		FD08092A27569DDC00B845F2 /* Album.swift in Sources */ = {isa = PBXBuildFile; fileRef = FD08092627569DDC00B845F2 /* Album.swift */; };
		FD08092B27569DDC00B845F2 /* User.swift in Sources */ = {isa = PBXBuildFile; fileRef = FD08092727569DDC00B845F2 /* User.swift */; };
		FD08092C27569DDC00B845F2 /* TodoModel.swift in Sources */ = {isa = PBXBuildFile; fileRef = FD08092827569DDC00B845F2 /* TodoModel.swift */; };
		FD08093227569DF500B845F2 /* LoremSwiftum.swift in Sources */ = {isa = PBXBuildFile; fileRef = FD08092E27569DF500B845F2 /* LoremSwiftum.swift */; };
		FD08093327569DF500B845F2 /* Constants.swift in Sources */ = {isa = PBXBuildFile; fileRef = FD08092F27569DF500B845F2 /* Constants.swift */; };
		FD08093C27569E0700B845F2 /* TodoViewModel.swift in Sources */ = {isa = PBXBuildFile; fileRef = FD08093927569E0700B845F2 /* TodoViewModel.swift */; };
		FD2F5396275946560018B076 /* LoadingView.swift in Sources */ = {isa = PBXBuildFile; fileRef = FD2F5395275946560018B076 /* LoadingView.swift */; };
		FD66B4E427550F7A0025D94D /* SwiftUI_Base_TutorialApp.swift in Sources */ = {isa = PBXBuildFile; fileRef = FD66B4E327550F7A0025D94D /* SwiftUI_Base_TutorialApp.swift */; };
		FD66B4E627550F7A0025D94D /* ContentView.swift in Sources */ = {isa = PBXBuildFile; fileRef = FD66B4E527550F7A0025D94D /* ContentView.swift */; };
		FD66B4E827550F7C0025D94D /* Assets.xcassets in Resources */ = {isa = PBXBuildFile; fileRef = FD66B4E727550F7C0025D94D /* Assets.xcassets */; };
		FD66B4EB27550F7C0025D94D /* Preview Assets.xcassets in Resources */ = {isa = PBXBuildFile; fileRef = FD66B4EA27550F7C0025D94D /* Preview Assets.xcassets */; };
		FDC417012755663300007468 /* Extension.swift in Sources */ = {isa = PBXBuildFile; fileRef = FDC417002755663300007468 /* Extension.swift */; };
/* End PBXBuildFile section */

/* Begin PBXFileReference section */
		FD08090C2756914100B845F2 /* RedViewOne.swift */ = {isa = PBXFileReference; lastKnownFileType = sourcecode.swift; path = RedViewOne.swift; sourceTree = "<group>"; };
		FD0809102756915C00B845F2 /* BlueViewTwo.swift */ = {isa = PBXFileReference; lastKnownFileType = sourcecode.swift; path = BlueViewTwo.swift; sourceTree = "<group>"; };
		FD0809122756916400B845F2 /* GreenViewThree.swift */ = {isa = PBXFileReference; lastKnownFileType = sourcecode.swift; path = GreenViewThree.swift; sourceTree = "<group>"; };
		FD080915275691B300B845F2 /* LoginView.swift */ = {isa = PBXFileReference; lastKnownFileType = sourcecode.swift; path = LoginView.swift; sourceTree = "<group>"; };
		FD080918275691F900B845F2 /* FormView.swift */ = {isa = PBXFileReference; lastKnownFileType = sourcecode.swift; path = FormView.swift; sourceTree = "<group>"; };
		FD08091B2756967100B845F2 /* TodosListView.swift */ = {isa = PBXFileReference; lastKnownFileType = sourcecode.swift; path = TodosListView.swift; sourceTree = "<group>"; };
		FD08091D2756967900B845F2 /* TodosListCell.swift */ = {isa = PBXFileReference; lastKnownFileType = sourcecode.swift; path = TodosListCell.swift; sourceTree = "<group>"; };
		FD08092527569DDB00B845F2 /* Comment.swift */ = {isa = PBXFileReference; fileEncoding = 4; lastKnownFileType = sourcecode.swift; path = Comment.swift; sourceTree = "<group>"; };
		FD08092627569DDC00B845F2 /* Album.swift */ = {isa = PBXFileReference; fileEncoding = 4; lastKnownFileType = sourcecode.swift; path = Album.swift; sourceTree = "<group>"; };
		FD08092727569DDC00B845F2 /* User.swift */ = {isa = PBXFileReference; fileEncoding = 4; lastKnownFileType = sourcecode.swift; path = User.swift; sourceTree = "<group>"; };
		FD08092827569DDC00B845F2 /* TodoModel.swift */ = {isa = PBXFileReference; fileEncoding = 4; lastKnownFileType = sourcecode.swift; path = TodoModel.swift; sourceTree = "<group>"; };
		FD08092E27569DF500B845F2 /* LoremSwiftum.swift */ = {isa = PBXFileReference; fileEncoding = 4; lastKnownFileType = sourcecode.swift; path = LoremSwiftum.swift; sourceTree = "<group>"; };
		FD08092F27569DF500B845F2 /* Constants.swift */ = {isa = PBXFileReference; fileEncoding = 4; lastKnownFileType = sourcecode.swift; path = Constants.swift; sourceTree = "<group>"; };
		FD08093927569E0700B845F2 /* TodoViewModel.swift */ = {isa = PBXFileReference; fileEncoding = 4; lastKnownFileType = sourcecode.swift; path = TodoViewModel.swift; sourceTree = "<group>"; };
		FD2F5395275946560018B076 /* LoadingView.swift */ = {isa = PBXFileReference; lastKnownFileType = sourcecode.swift; path = LoadingView.swift; sourceTree = "<group>"; };
		FD66B4E027550F7A0025D94D /* SwiftUI-Base-Tutorial.app */ = {isa = PBXFileReference; explicitFileType = wrapper.application; includeInIndex = 0; path = "SwiftUI-Base-Tutorial.app"; sourceTree = BUILT_PRODUCTS_DIR; };
		FD66B4E327550F7A0025D94D /* SwiftUI_Base_TutorialApp.swift */ = {isa = PBXFileReference; lastKnownFileType = sourcecode.swift; path = SwiftUI_Base_TutorialApp.swift; sourceTree = "<group>"; };
		FD66B4E527550F7A0025D94D /* ContentView.swift */ = {isa = PBXFileReference; lastKnownFileType = sourcecode.swift; path = ContentView.swift; sourceTree = "<group>"; };
		FD66B4E727550F7C0025D94D /* Assets.xcassets */ = {isa = PBXFileReference; lastKnownFileType = folder.assetcatalog; path = Assets.xcassets; sourceTree = "<group>"; };
		FD66B4EA27550F7C0025D94D /* Preview Assets.xcassets */ = {isa = PBXFileReference; lastKnownFileType = folder.assetcatalog; path = "Preview Assets.xcassets"; sourceTree = "<group>"; };
		FDC417002755663300007468 /* Extension.swift */ = {isa = PBXFileReference; lastKnownFileType = sourcecode.swift; path = Extension.swift; sourceTree = "<group>"; };
/* End PBXFileReference section */

/* Begin PBXFrameworksBuildPhase section */
		FD66B4DD27550F7A0025D94D /* Frameworks */ = {
			isa = PBXFrameworksBuildPhase;
			buildActionMask = 2147483647;
			files = (
			);
			runOnlyForDeploymentPostprocessing = 0;
		};
/* End PBXFrameworksBuildPhase section */

/* Begin PBXGroup section */
		FD08090B2756912600B845F2 /* NavigationViews */ = {
			isa = PBXGroup;
			children = (
				FD08090C2756914100B845F2 /* RedViewOne.swift */,
				FD0809102756915C00B845F2 /* BlueViewTwo.swift */,
				FD0809122756916400B845F2 /* GreenViewThree.swift */,
			);
			path = NavigationViews;
			sourceTree = "<group>";
		};
		FD080914275691AB00B845F2 /* LoginView */ = {
			isa = PBXGroup;
			children = (
				FD080915275691B300B845F2 /* LoginView.swift */,
			);
			path = LoginView;
			sourceTree = "<group>";
		};
		FD080917275691EF00B845F2 /* FormView */ = {
			isa = PBXGroup;
			children = (
				FD080918275691F900B845F2 /* FormView.swift */,
			);
			path = FormView;
			sourceTree = "<group>";
		};
		FD08091A2756965B00B845F2 /* ListViews */ = {
			isa = PBXGroup;
			children = (
				FD08091B2756967100B845F2 /* TodosListView.swift */,
				FD08091D2756967900B845F2 /* TodosListCell.swift */,
			);
			path = ListViews;
			sourceTree = "<group>";
		};
		FD08091F27569D9300B845F2 /* Network */ = {
			isa = PBXGroup;
			children = (
			);
			path = Network;
			sourceTree = "<group>";
		};
		FD08092427569DD400B845F2 /* Model */ = {
			isa = PBXGroup;
			children = (
				FD08092627569DDC00B845F2 /* Album.swift */,
				FD08092527569DDB00B845F2 /* Comment.swift */,
				FD08092827569DDC00B845F2 /* TodoModel.swift */,
				FD08092727569DDC00B845F2 /* User.swift */,
			);
			path = Model;
			sourceTree = "<group>";
		};
		FD08092D27569DE200B845F2 /* Resources */ = {
			isa = PBXGroup;
			children = (
				FD08092F27569DF500B845F2 /* Constants.swift */,
				FD08092E27569DF500B845F2 /* LoremSwiftum.swift */,
			);
			path = Resources;
			sourceTree = "<group>";
		};
		FD08093627569DFC00B845F2 /* ViewModel */ = {
			isa = PBXGroup;
			children = (
				FD08093927569E0700B845F2 /* TodoViewModel.swift */,
			);
			path = ViewModel;
			sourceTree = "<group>";
		};
		FD2F5393275946300018B076 /* Apps */ = {
			isa = PBXGroup;
			children = (
				FD2F5394275946460018B076 /* LoadingIndicatorView */,
				FD08091A2756965B00B845F2 /* ListViews */,
				FD080917275691EF00B845F2 /* FormView */,
				FD080914275691AB00B845F2 /* LoginView */,
				FD08090B2756912600B845F2 /* NavigationViews */,
			);
			path = Apps;
			sourceTree = "<group>";
		};
		FD2F5394275946460018B076 /* LoadingIndicatorView */ = {
			isa = PBXGroup;
			children = (
				FD2F5395275946560018B076 /* LoadingView.swift */,
			);
			path = LoadingIndicatorView;
			sourceTree = "<group>";
		};
		FD66B4D727550F7A0025D94D = {
			isa = PBXGroup;
			children = (
				FD66B4E227550F7A0025D94D /* SwiftUI-Base-Tutorial */,
				FD66B4E127550F7A0025D94D /* Products */,
			);
			sourceTree = "<group>";
		};
		FD66B4E127550F7A0025D94D /* Products */ = {
			isa = PBXGroup;
			children = (
				FD66B4E027550F7A0025D94D /* SwiftUI-Base-Tutorial.app */,
			);
			name = Products;
			sourceTree = "<group>";
		};
		FD66B4E227550F7A0025D94D /* SwiftUI-Base-Tutorial */ = {
			isa = PBXGroup;
			children = (
				FD66B4E327550F7A0025D94D /* SwiftUI_Base_TutorialApp.swift */,
				FDC417002755663300007468 /* Extension.swift */,
				FD2F5393275946300018B076 /* Apps */,
				FD08093627569DFC00B845F2 /* ViewModel */,
				FD08092D27569DE200B845F2 /* Resources */,
				FD08092427569DD400B845F2 /* Model */,
				FD08091F27569D9300B845F2 /* Network */,
				FD66B4E527550F7A0025D94D /* ContentView.swift */,
				FD66B4E727550F7C0025D94D /* Assets.xcassets */,
				FD66B4E927550F7C0025D94D /* Preview Content */,
			);
			path = "SwiftUI-Base-Tutorial";
			sourceTree = "<group>";
		};
		FD66B4E927550F7C0025D94D /* Preview Content */ = {
			isa = PBXGroup;
			children = (
				FD66B4EA27550F7C0025D94D /* Preview Assets.xcassets */,
			);
			path = "Preview Content";
			sourceTree = "<group>";
		};
/* End PBXGroup section */

/* Begin PBXNativeTarget section */
		FD66B4DF27550F7A0025D94D /* SwiftUI-Base-Tutorial */ = {
			isa = PBXNativeTarget;
			buildConfigurationList = FD66B4EE27550F7C0025D94D /* Build configuration list for PBXNativeTarget "SwiftUI-Base-Tutorial" */;
			buildPhases = (
				FD66B4DC27550F7A0025D94D /* Sources */,
				FD66B4DD27550F7A0025D94D /* Frameworks */,
				FD66B4DE27550F7A0025D94D /* Resources */,
			);
			buildRules = (
			);
			dependencies = (
			);
			name = "SwiftUI-Base-Tutorial";
			productName = "SwiftUI-Base-Tutorial";
			productReference = FD66B4E027550F7A0025D94D /* SwiftUI-Base-Tutorial.app */;
			productType = "com.apple.product-type.application";
		};
/* End PBXNativeTarget section */

/* Begin PBXProject section */
		FD66B4D827550F7A0025D94D /* Project object */ = {
			isa = PBXProject;
			attributes = {
				BuildIndependentTargetsInParallel = 1;
				LastSwiftUpdateCheck = 1310;
				LastUpgradeCheck = 1310;
				TargetAttributes = {
					FD66B4DF27550F7A0025D94D = {
						CreatedOnToolsVersion = 13.1;
					};
				};
			};
			buildConfigurationList = FD66B4DB27550F7A0025D94D /* Build configuration list for PBXProject "SwiftUI-Base-Tutorial" */;
			compatibilityVersion = "Xcode 13.0";
			developmentRegion = en;
			hasScannedForEncodings = 0;
			knownRegions = (
				en,
				Base,
			);
			mainGroup = FD66B4D727550F7A0025D94D;
			productRefGroup = FD66B4E127550F7A0025D94D /* Products */;
			projectDirPath = "";
			projectRoot = "";
			targets = (
				FD66B4DF27550F7A0025D94D /* SwiftUI-Base-Tutorial */,
			);
		};
/* End PBXProject section */

/* Begin PBXResourcesBuildPhase section */
		FD66B4DE27550F7A0025D94D /* Resources */ = {
			isa = PBXResourcesBuildPhase;
			buildActionMask = 2147483647;
			files = (
				FD66B4EB27550F7C0025D94D /* Preview Assets.xcassets in Resources */,
				FD66B4E827550F7C0025D94D /* Assets.xcassets in Resources */,
			);
			runOnlyForDeploymentPostprocessing = 0;
		};
/* End PBXResourcesBuildPhase section */

/* Begin PBXSourcesBuildPhase section */
		FD66B4DC27550F7A0025D94D /* Sources */ = {
			isa = PBXSourcesBuildPhase;
			buildActionMask = 2147483647;
			files = (
				FD080919275691F900B845F2 /* FormView.swift in Sources */,
				FD08092C27569DDC00B845F2 /* TodoModel.swift in Sources */,
				FDC417012755663300007468 /* Extension.swift in Sources */,
				FD080916275691B300B845F2 /* LoginView.swift in Sources */,
				FD66B4E627550F7A0025D94D /* ContentView.swift in Sources */,
				FD08092A27569DDC00B845F2 /* Album.swift in Sources */,
				FD0809112756915C00B845F2 /* BlueViewTwo.swift in Sources */,
				FD08091C2756967100B845F2 /* TodosListView.swift in Sources */,
				FD08092B27569DDC00B845F2 /* User.swift in Sources */,
				FD0809132756916400B845F2 /* GreenViewThree.swift in Sources */,
				FD08092927569DDC00B845F2 /* Comment.swift in Sources */,
				FD66B4E427550F7A0025D94D /* SwiftUI_Base_TutorialApp.swift in Sources */,
				FD08090D2756914100B845F2 /* RedViewOne.swift in Sources */,
				FD08091E2756967900B845F2 /* TodosListCell.swift in Sources */,
				FD08093C27569E0700B845F2 /* TodoViewModel.swift in Sources */,
				FD08093227569DF500B845F2 /* LoremSwiftum.swift in Sources */,
				FD08093327569DF500B845F2 /* Constants.swift in Sources */,
				FD2F5396275946560018B076 /* LoadingView.swift in Sources */,
			);
			runOnlyForDeploymentPostprocessing = 0;
		};
/* End PBXSourcesBuildPhase section */

/* Begin XCBuildConfiguration section */
		FD66B4EC27550F7C0025D94D /* Debug */ = {
			isa = XCBuildConfiguration;
			buildSettings = {
				ALWAYS_SEARCH_USER_PATHS = NO;
				CLANG_ANALYZER_NONNULL = YES;
				CLANG_ANALYZER_NUMBER_OBJECT_CONVERSION = YES_AGGRESSIVE;
				CLANG_CXX_LANGUAGE_STANDARD = "gnu++17";
				CLANG_CXX_LIBRARY = "libc++";
				CLANG_ENABLE_MODULES = YES;
				CLANG_ENABLE_OBJC_ARC = YES;
				CLANG_ENABLE_OBJC_WEAK = YES;
				CLANG_WARN_BLOCK_CAPTURE_AUTORELEASING = YES;
				CLANG_WARN_BOOL_CONVERSION = YES;
				CLANG_WARN_COMMA = YES;
				CLANG_WARN_CONSTANT_CONVERSION = YES;
				CLANG_WARN_DEPRECATED_OBJC_IMPLEMENTATIONS = YES;
				CLANG_WARN_DIRECT_OBJC_ISA_USAGE = YES_ERROR;
				CLANG_WARN_DOCUMENTATION_COMMENTS = YES;
				CLANG_WARN_EMPTY_BODY = YES;
				CLANG_WARN_ENUM_CONVERSION = YES;
				CLANG_WARN_INFINITE_RECURSION = YES;
				CLANG_WARN_INT_CONVERSION = YES;
				CLANG_WARN_NON_LITERAL_NULL_CONVERSION = YES;
				CLANG_WARN_OBJC_IMPLICIT_RETAIN_SELF = YES;
				CLANG_WARN_OBJC_LITERAL_CONVERSION = YES;
				CLANG_WARN_OBJC_ROOT_CLASS = YES_ERROR;
				CLANG_WARN_QUOTED_INCLUDE_IN_FRAMEWORK_HEADER = YES;
				CLANG_WARN_RANGE_LOOP_ANALYSIS = YES;
				CLANG_WARN_STRICT_PROTOTYPES = YES;
				CLANG_WARN_SUSPICIOUS_MOVE = YES;
				CLANG_WARN_UNGUARDED_AVAILABILITY = YES_AGGRESSIVE;
				CLANG_WARN_UNREACHABLE_CODE = YES;
				CLANG_WARN__DUPLICATE_METHOD_MATCH = YES;
				COPY_PHASE_STRIP = NO;
				DEBUG_INFORMATION_FORMAT = dwarf;
				ENABLE_STRICT_OBJC_MSGSEND = YES;
				ENABLE_TESTABILITY = YES;
				GCC_C_LANGUAGE_STANDARD = gnu11;
				GCC_DYNAMIC_NO_PIC = NO;
				GCC_NO_COMMON_BLOCKS = YES;
				GCC_OPTIMIZATION_LEVEL = 0;
				GCC_PREPROCESSOR_DEFINITIONS = (
					"DEBUG=1",
					"$(inherited)",
				);
				GCC_WARN_64_TO_32_BIT_CONVERSION = YES;
				GCC_WARN_ABOUT_RETURN_TYPE = YES_ERROR;
				GCC_WARN_UNDECLARED_SELECTOR = YES;
				GCC_WARN_UNINITIALIZED_AUTOS = YES_AGGRESSIVE;
				GCC_WARN_UNUSED_FUNCTION = YES;
				GCC_WARN_UNUSED_VARIABLE = YES;
				IPHONEOS_DEPLOYMENT_TARGET = 15.0;
				MTL_ENABLE_DEBUG_INFO = INCLUDE_SOURCE;
				MTL_FAST_MATH = YES;
				ONLY_ACTIVE_ARCH = YES;
				SDKROOT = iphoneos;
				SWIFT_ACTIVE_COMPILATION_CONDITIONS = DEBUG;
				SWIFT_OPTIMIZATION_LEVEL = "-Onone";
			};
			name = Debug;
		};
		FD66B4ED27550F7C0025D94D /* Release */ = {
			isa = XCBuildConfiguration;
			buildSettings = {
				ALWAYS_SEARCH_USER_PATHS = NO;
				CLANG_ANALYZER_NONNULL = YES;
				CLANG_ANALYZER_NUMBER_OBJECT_CONVERSION = YES_AGGRESSIVE;
				CLANG_CXX_LANGUAGE_STANDARD = "gnu++17";
				CLANG_CXX_LIBRARY = "libc++";
				CLANG_ENABLE_MODULES = YES;
				CLANG_ENABLE_OBJC_ARC = YES;
				CLANG_ENABLE_OBJC_WEAK = YES;
				CLANG_WARN_BLOCK_CAPTURE_AUTORELEASING = YES;
				CLANG_WARN_BOOL_CONVERSION = YES;
				CLANG_WARN_COMMA = YES;
				CLANG_WARN_CONSTANT_CONVERSION = YES;
				CLANG_WARN_DEPRECATED_OBJC_IMPLEMENTATIONS = YES;
				CLANG_WARN_DIRECT_OBJC_ISA_USAGE = YES_ERROR;
				CLANG_WARN_DOCUMENTATION_COMMENTS = YES;
				CLANG_WARN_EMPTY_BODY = YES;
				CLANG_WARN_ENUM_CONVERSION = YES;
				CLANG_WARN_INFINITE_RECURSION = YES;
				CLANG_WARN_INT_CONVERSION = YES;
				CLANG_WARN_NON_LITERAL_NULL_CONVERSION = YES;
				CLANG_WARN_OBJC_IMPLICIT_RETAIN_SELF = YES;
				CLANG_WARN_OBJC_LITERAL_CONVERSION = YES;
				CLANG_WARN_OBJC_ROOT_CLASS = YES_ERROR;
				CLANG_WARN_QUOTED_INCLUDE_IN_FRAMEWORK_HEADER = YES;
				CLANG_WARN_RANGE_LOOP_ANALYSIS = YES;
				CLANG_WARN_STRICT_PROTOTYPES = YES;
				CLANG_WARN_SUSPICIOUS_MOVE = YES;
				CLANG_WARN_UNGUARDED_AVAILABILITY = YES_AGGRESSIVE;
				CLANG_WARN_UNREACHABLE_CODE = YES;
				CLANG_WARN__DUPLICATE_METHOD_MATCH = YES;
				COPY_PHASE_STRIP = NO;
				DEBUG_INFORMATION_FORMAT = "dwarf-with-dsym";
				ENABLE_NS_ASSERTIONS = NO;
				ENABLE_STRICT_OBJC_MSGSEND = YES;
				GCC_C_LANGUAGE_STANDARD = gnu11;
				GCC_NO_COMMON_BLOCKS = YES;
				GCC_WARN_64_TO_32_BIT_CONVERSION = YES;
				GCC_WARN_ABOUT_RETURN_TYPE = YES_ERROR;
				GCC_WARN_UNDECLARED_SELECTOR = YES;
				GCC_WARN_UNINITIALIZED_AUTOS = YES_AGGRESSIVE;
				GCC_WARN_UNUSED_FUNCTION = YES;
				GCC_WARN_UNUSED_VARIABLE = YES;
				IPHONEOS_DEPLOYMENT_TARGET = 15.0;
				MTL_ENABLE_DEBUG_INFO = NO;
				MTL_FAST_MATH = YES;
				SDKROOT = iphoneos;
				SWIFT_COMPILATION_MODE = wholemodule;
				SWIFT_OPTIMIZATION_LEVEL = "-O";
				VALIDATE_PRODUCT = YES;
			};
			name = Release;
		};
		FD66B4EF27550F7C0025D94D /* Debug */ = {
			isa = XCBuildConfiguration;
			buildSettings = {
				ASSETCATALOG_COMPILER_APPICON_NAME = AppIcon;
				ASSETCATALOG_COMPILER_GLOBAL_ACCENT_COLOR_NAME = AccentColor;
				CODE_SIGN_STYLE = Automatic;
				CURRENT_PROJECT_VERSION = 1;
				DEVELOPMENT_ASSET_PATHS = "\"SwiftUI-Base-Tutorial/Preview Content\"";
				DEVELOPMENT_TEAM = 2584UNKWXQ;
				ENABLE_PREVIEWS = YES;
				GENERATE_INFOPLIST_FILE = YES;
				INFOPLIST_KEY_UIApplicationSceneManifest_Generation = YES;
				INFOPLIST_KEY_UIApplicationSupportsIndirectInputEvents = YES;
				INFOPLIST_KEY_UILaunchScreen_Generation = YES;
				INFOPLIST_KEY_UISupportedInterfaceOrientations_iPad = "UIInterfaceOrientationPortrait UIInterfaceOrientationPortraitUpsideDown UIInterfaceOrientationLandscapeLeft UIInterfaceOrientationLandscapeRight";
				INFOPLIST_KEY_UISupportedInterfaceOrientations_iPhone = "UIInterfaceOrientationPortrait UIInterfaceOrientationLandscapeLeft UIInterfaceOrientationLandscapeRight";
				LD_RUNPATH_SEARCH_PATHS = (
					"$(inherited)",
					"@executable_path/Frameworks",
				);
				MARKETING_VERSION = 1.0;
				PRODUCT_BUNDLE_IDENTIFIER = "com.serkanapp.SwiftUI-Base-Tutorial";
				PRODUCT_NAME = "$(TARGET_NAME)";
				SWIFT_EMIT_LOC_STRINGS = YES;
				SWIFT_VERSION = 5.0;
				TARGETED_DEVICE_FAMILY = "1,2";
			};
			name = Debug;
		};
		FD66B4F027550F7C0025D94D /* Release */ = {
			isa = XCBuildConfiguration;
			buildSettings = {
				ASSETCATALOG_COMPILER_APPICON_NAME = AppIcon;
				ASSETCATALOG_COMPILER_GLOBAL_ACCENT_COLOR_NAME = AccentColor;
				CODE_SIGN_STYLE = Automatic;
				CURRENT_PROJECT_VERSION = 1;
				DEVELOPMENT_ASSET_PATHS = "\"SwiftUI-Base-Tutorial/Preview Content\"";
				DEVELOPMENT_TEAM = 2584UNKWXQ;
				ENABLE_PREVIEWS = YES;
				GENERATE_INFOPLIST_FILE = YES;
				INFOPLIST_KEY_UIApplicationSceneManifest_Generation = YES;
				INFOPLIST_KEY_UIApplicationSupportsIndirectInputEvents = YES;
				INFOPLIST_KEY_UILaunchScreen_Generation = YES;
				INFOPLIST_KEY_UISupportedInterfaceOrientations_iPad = "UIInterfaceOrientationPortrait UIInterfaceOrientationPortraitUpsideDown UIInterfaceOrientationLandscapeLeft UIInterfaceOrientationLandscapeRight";
				INFOPLIST_KEY_UISupportedInterfaceOrientations_iPhone = "UIInterfaceOrientationPortrait UIInterfaceOrientationLandscapeLeft UIInterfaceOrientationLandscapeRight";
				LD_RUNPATH_SEARCH_PATHS = (
					"$(inherited)",
					"@executable_path/Frameworks",
				);
				MARKETING_VERSION = 1.0;
				PRODUCT_BUNDLE_IDENTIFIER = "com.serkanapp.SwiftUI-Base-Tutorial";
				PRODUCT_NAME = "$(TARGET_NAME)";
				SWIFT_EMIT_LOC_STRINGS = YES;
				SWIFT_VERSION = 5.0;
				TARGETED_DEVICE_FAMILY = "1,2";
			};
			name = Release;
		};
/* End XCBuildConfiguration section */

/* Begin XCConfigurationList section */
		FD66B4DB27550F7A0025D94D /* Build configuration list for PBXProject "SwiftUI-Base-Tutorial" */ = {
			isa = XCConfigurationList;
			buildConfigurations = (
				FD66B4EC27550F7C0025D94D /* Debug */,
				FD66B4ED27550F7C0025D94D /* Release */,
			);
			defaultConfigurationIsVisible = 0;
			defaultConfigurationName = Release;
		};
		FD66B4EE27550F7C0025D94D /* Build configuration list for PBXNativeTarget "SwiftUI-Base-Tutorial" */ = {
			isa = XCConfigurationList;
			buildConfigurations = (
				FD66B4EF27550F7C0025D94D /* Debug */,
				FD66B4F027550F7C0025D94D /* Release */,
			);
			defaultConfigurationIsVisible = 0;
			defaultConfigurationName = Release;
		};
/* End XCConfigurationList section */
	};
	rootObject = FD66B4D827550F7A0025D94D /* Project object */;
}
